Microsoft Visual Studio Solution File, Format Version 12.00
# Visual Studio Version 17
VisualStudioVersion = 17.5.2.0
MinimumVisualStudioVersion = 10.0.40219.1
Project("{FAE04EC0-301F-11D3-BF4B-00C04F79EFBC}") = "ElretornConsellComarcal", "ElretornConsellComarcal.csproj", "{995F129A-6BB5-3154-219A-3906BE6BA5B0}"
EndProject
Global
	GlobalSection(SolutionConfigurationPlatforms) = preSolution
		Debug|Any CPU = Debug|Any CPU
		Release|Any CPU = Release|Any CPU
	EndGlobalSection
	GlobalSection(ProjectConfigurationPlatforms) = postSolution
		{995F129A-6BB5-3154-219A-3906BE6BA5B0}.Debug|Any CPU.ActiveCfg = Debug|Any CPU
		{995F129A-6BB5-3154-219A-3906BE6BA5B0}.Debug|Any CPU.Build.0 = Debug|Any CPU
		{995F129A-6BB5-3154-219A-3906BE6BA5B0}.Release|Any CPU.ActiveCfg = Release|Any CPU
		{995F129A-6BB5-3154-219A-3906BE6BA5B0}.Release|Any CPU.Build.0 = Release|Any CPU
	EndGlobalSection
	GlobalSection(SolutionProperties) = preSolution
		HideSolutionNode = FALSE
	EndGlobalSection
	GlobalSection(ExtensibilityGlobals) = postSolution
		SolutionGuid = {49C8BB12-7EE7-45F8-91E4-6FD7A48E6EB9}
	EndGlobalSection
EndGlobal
